
Microsoft Visual Studio Solution File, Format Version 12.00
# Visual Studio Version 17
VisualStudioVersion = 17.2.32802.462
MinimumVisualStudioVersion = 10.0.40219.1
Project("{FAE04EC0-301F-11D3-BF4B-00C04F79EFBC}") = "SB-Integration-ComosDB", "SB-Integration-ComosDB.csproj", "{CD60085C-9E5F-410D-88E0-1AE8B7A6DB47}"
EndProject
Global
	GlobalSection(SolutionConfigurationPlatforms) = preSolution
		Debug|Any CPU = Debug|Any CPU
		Release|Any CPU = Release|Any CPU
	EndGlobalSection
	GlobalSection(ProjectConfigurationPlatforms) = postSolution
		{CD60085C-9E5F-410D-88E0-1AE8B7A6DB47}.Debug|Any CPU.ActiveCfg = Debug|Any CPU
		{CD60085C-9E5F-410D-88E0-1AE8B7A6DB47}.Debug|Any CPU.Build.0 = Debug|Any CPU
		{CD60085C-9E5F-410D-88E0-1AE8B7A6DB47}.Release|Any CPU.ActiveCfg = Release|Any CPU
		{CD60085C-9E5F-410D-88E0-1AE8B7A6DB47}.Release|Any CPU.Build.0 = Release|Any CPU
	EndGlobalSection
	GlobalSection(SolutionProperties) = preSolution
		HideSolutionNode = FALSE
	EndGlobalSection
	GlobalSection(ExtensibilityGlobals) = postSolution
		SolutionGuid = {61DD30FA-FF4F-40FD-A51E-49B74DE371E4}
	EndGlobalSection
EndGlobal
